// !$*UTF8*$!
{
	archiveVersion = 1;
	classes = {
	};
	objectVersion = 50;
	objects = {

/* Begin PBXBuildFile section */
		F0D2AA3C21AA0443004BAB67 /* AppDelegate.swift in Sources */ = {isa = PBXBuildFile; fileRef = F0D2AA3B21AA0443004BAB67 /* AppDelegate.swift */; };
		F0D2AA3E21AA0443004BAB67 /* ViewController.swift in Sources */ = {isa = PBXBuildFile; fileRef = F0D2AA3D21AA0443004BAB67 /* ViewController.swift */; };
		F0D2AA4021AA0446004BAB67 /* Assets.xcassets in Resources */ = {isa = PBXBuildFile; fileRef = F0D2AA3F21AA0446004BAB67 /* Assets.xcassets */; };
		F0D2AA4321AA0446004BAB67 /* Main.storyboard in Resources */ = {isa = PBXBuildFile; fileRef = F0D2AA4121AA0446004BAB67 /* Main.storyboard */; };
		F0D2AA4D21AB2E54004BAB67 /* NowPlayingViewController.swift in Sources */ = {isa = PBXBuildFile; fileRef = F0D2AA4C21AB2E54004BAB67 /* NowPlayingViewController.swift */; };
		F0D2AA4F21AB4045004BAB67 /* Quote.swift in Sources */ = {isa = PBXBuildFile; fileRef = F0D2AA4E21AB4045004BAB67 /* Quote.swift */; };
		F0D2AA5121AC95B2004BAB67 /* EventMonitor.swift in Sources */ = {isa = PBXBuildFile; fileRef = F0D2AA5021AC95B2004BAB67 /* EventMonitor.swift */; };
		F0D2AA5321AC9CE4004BAB67 /* Networking.swift in Sources */ = {isa = PBXBuildFile; fileRef = F0D2AA5221AC9CE4004BAB67 /* Networking.swift */; };
		F0F55F5B21B46C28007A0B51 /* CollectionViewItem.swift in Sources */ = {isa = PBXBuildFile; fileRef = F0F55F5921B46C28007A0B51 /* CollectionViewItem.swift */; };
		F0F55F5C21B46C28007A0B51 /* CollectionViewItem.xib in Resources */ = {isa = PBXBuildFile; fileRef = F0F55F5A21B46C28007A0B51 /* CollectionViewItem.xib */; };
		F0F55F5E21B47C18007A0B51 /* ImageView.swift in Sources */ = {isa = PBXBuildFile; fileRef = F0F55F5D21B47C18007A0B51 /* ImageView.swift */; };
		F0F55F6221B9B8C8007A0B51 /* HearerView.swift in Sources */ = {isa = PBXBuildFile; fileRef = F0F55F6121B9B8C8007A0B51 /* HearerView.swift */; };
		F0F55F6421B9DB65007A0B51 /* StreamPlayer.swift in Sources */ = {isa = PBXBuildFile; fileRef = F0F55F6321B9DB65007A0B51 /* StreamPlayer.swift */; };
/* End PBXBuildFile section */

/* Begin PBXFileReference section */
		F0D2AA3821AA0443004BAB67 /* NTS Player.app */ = {isa = PBXFileReference; explicitFileType = wrapper.application; includeInIndex = 0; path = "NTS Player.app"; sourceTree = BUILT_PRODUCTS_DIR; };
		F0D2AA3B21AA0443004BAB67 /* AppDelegate.swift */ = {isa = PBXFileReference; lastKnownFileType = sourcecode.swift; path = AppDelegate.swift; sourceTree = "<group>"; };
		F0D2AA3D21AA0443004BAB67 /* ViewController.swift */ = {isa = PBXFileReference; lastKnownFileType = sourcecode.swift; path = ViewController.swift; sourceTree = "<group>"; };
		F0D2AA3F21AA0446004BAB67 /* Assets.xcassets */ = {isa = PBXFileReference; lastKnownFileType = folder.assetcatalog; path = Assets.xcassets; sourceTree = "<group>"; };
		F0D2AA4221AA0446004BAB67 /* Base */ = {isa = PBXFileReference; lastKnownFileType = file.storyboard; name = Base; path = Base.lproj/Main.storyboard; sourceTree = "<group>"; };
		F0D2AA4421AA0446004BAB67 /* Info.plist */ = {isa = PBXFileReference; lastKnownFileType = text.plist.xml; path = Info.plist; sourceTree = "<group>"; };
		F0D2AA4521AA0446004BAB67 /* NTS_Player.entitlements */ = {isa = PBXFileReference; lastKnownFileType = text.plist.entitlements; path = NTS_Player.entitlements; sourceTree = "<group>"; };
		F0D2AA4B21AA0BF9004BAB67 /* NTS Player.entitlements */ = {isa = PBXFileReference; lastKnownFileType = text.plist.entitlements; path = "NTS Player.entitlements"; sourceTree = "<group>"; };
		F0D2AA4C21AB2E54004BAB67 /* NowPlayingViewController.swift */ = {isa = PBXFileReference; lastKnownFileType = sourcecode.swift; path = NowPlayingViewController.swift; sourceTree = "<group>"; };
		F0D2AA4E21AB4045004BAB67 /* Quote.swift */ = {isa = PBXFileReference; lastKnownFileType = sourcecode.swift; path = Quote.swift; sourceTree = "<group>"; };
		F0D2AA5021AC95B2004BAB67 /* EventMonitor.swift */ = {isa = PBXFileReference; lastKnownFileType = sourcecode.swift; path = EventMonitor.swift; sourceTree = "<group>"; };
		F0D2AA5221AC9CE4004BAB67 /* Networking.swift */ = {isa = PBXFileReference; lastKnownFileType = sourcecode.swift; path = Networking.swift; sourceTree = "<group>"; };
		F0F55F5921B46C28007A0B51 /* CollectionViewItem.swift */ = {isa = PBXFileReference; lastKnownFileType = sourcecode.swift; path = CollectionViewItem.swift; sourceTree = "<group>"; };
		F0F55F5A21B46C28007A0B51 /* CollectionViewItem.xib */ = {isa = PBXFileReference; lastKnownFileType = file.xib; path = CollectionViewItem.xib; sourceTree = "<group>"; };
		F0F55F5D21B47C18007A0B51 /* ImageView.swift */ = {isa = PBXFileReference; lastKnownFileType = sourcecode.swift; path = ImageView.swift; sourceTree = "<group>"; };
		F0F55F6121B9B8C8007A0B51 /* HearerView.swift */ = {isa = PBXFileReference; lastKnownFileType = sourcecode.swift; path = HearerView.swift; sourceTree = "<group>"; };
		F0F55F6321B9DB65007A0B51 /* StreamPlayer.swift */ = {isa = PBXFileReference; lastKnownFileType = sourcecode.swift; path = StreamPlayer.swift; sourceTree = "<group>"; };
/* End PBXFileReference section */

/* Begin PBXFrameworksBuildPhase section */
		F0D2AA3521AA0443004BAB67 /* Frameworks */ = {
			isa = PBXFrameworksBuildPhase;
			buildActionMask = 2147483647;
			files = (
			);
			runOnlyForDeploymentPostprocessing = 0;
		};
/* End PBXFrameworksBuildPhase section */

/* Begin PBXGroup section */
		F06AE11621EBBC6D005C74A0 /* Views */ = {
			isa = PBXGroup;
			children = (
				F0D2AA4E21AB4045004BAB67 /* Quote.swift */,
				F0F55F6121B9B8C8007A0B51 /* HearerView.swift */,
				F0F55F5921B46C28007A0B51 /* CollectionViewItem.swift */,
				F0F55F5D21B47C18007A0B51 /* ImageView.swift */,
				F0F55F5A21B46C28007A0B51 /* CollectionViewItem.xib */,
			);
			path = Views;
			sourceTree = "<group>";
		};
		F06AE11721EBBC8A005C74A0 /* ViewControllers */ = {
			isa = PBXGroup;
			children = (
				F0D2AA4C21AB2E54004BAB67 /* NowPlayingViewController.swift */,
				F0D2AA3D21AA0443004BAB67 /* ViewController.swift */,
			);
			path = ViewControllers;
			sourceTree = "<group>";
		};
		F06AE11821EBBCBD005C74A0 /* services */ = {
			isa = PBXGroup;
			children = (
				F0D2AA5021AC95B2004BAB67 /* EventMonitor.swift */,
				F0D2AA5221AC9CE4004BAB67 /* Networking.swift */,
			);
			path = services;
			sourceTree = "<group>";
		};
		F0D2AA2F21AA0443004BAB67 = {
			isa = PBXGroup;
			children = (
				F0D2AA3A21AA0443004BAB67 /* NTS Player */,
				F0D2AA3921AA0443004BAB67 /* Products */,
			);
			sourceTree = "<group>";
		};
		F0D2AA3921AA0443004BAB67 /* Products */ = {
			isa = PBXGroup;
			children = (
				F0D2AA3821AA0443004BAB67 /* NTS Player.app */,
			);
			name = Products;
			sourceTree = "<group>";
		};
		F0D2AA3A21AA0443004BAB67 /* NTS Player */ = {
			isa = PBXGroup;
			children = (
				F06AE11821EBBCBD005C74A0 /* services */,
				F06AE11721EBBC8A005C74A0 /* ViewControllers */,
				F06AE11621EBBC6D005C74A0 /* Views */,
				F0D2AA4B21AA0BF9004BAB67 /* NTS Player.entitlements */,
				F0D2AA3B21AA0443004BAB67 /* AppDelegate.swift */,
				F0D2AA3F21AA0446004BAB67 /* Assets.xcassets */,
				F0D2AA4121AA0446004BAB67 /* Main.storyboard */,
				F0D2AA4421AA0446004BAB67 /* Info.plist */,
				F0D2AA4521AA0446004BAB67 /* NTS_Player.entitlements */,
				F0F55F6321B9DB65007A0B51 /* StreamPlayer.swift */,
			);
			path = "NTS Player";
			sourceTree = "<group>";
		};
/* End PBXGroup section */

/* Begin PBXNativeTarget section */
		F0D2AA3721AA0443004BAB67 /* NTS Player */ = {
			isa = PBXNativeTarget;
			buildConfigurationList = F0D2AA4821AA0446004BAB67 /* Build configuration list for PBXNativeTarget "NTS Player" */;
			buildPhases = (
				F0D2AA3421AA0443004BAB67 /* Sources */,
				F0D2AA3521AA0443004BAB67 /* Frameworks */,
				F0D2AA3621AA0443004BAB67 /* Resources */,
			);
			buildRules = (
			);
			dependencies = (
			);
			name = "NTS Player";
			productName = "NTS Player";
			productReference = F0D2AA3821AA0443004BAB67 /* NTS Player.app */;
			productType = "com.apple.product-type.application";
		};
/* End PBXNativeTarget section */

/* Begin PBXProject section */
		F0D2AA3021AA0443004BAB67 /* Project object */ = {
			isa = PBXProject;
			attributes = {
				LastSwiftUpdateCheck = 1010;
				LastUpgradeCheck = 1010;
				ORGANIZATIONNAME = landahoy55;
				TargetAttributes = {
					F0D2AA3721AA0443004BAB67 = {
						CreatedOnToolsVersion = 10.1;
						SystemCapabilities = {
							com.apple.Sandbox = {
								enabled = 1;
							};
						};
					};
				};
			};
			buildConfigurationList = F0D2AA3321AA0443004BAB67 /* Build configuration list for PBXProject "NTS Player" */;
			compatibilityVersion = "Xcode 9.3";
			developmentRegion = en;
			hasScannedForEncodings = 0;
			knownRegions = (
				en,
				Base,
			);
			mainGroup = F0D2AA2F21AA0443004BAB67;
			productRefGroup = F0D2AA3921AA0443004BAB67 /* Products */;
			projectDirPath = "";
			projectRoot = "";
			targets = (
				F0D2AA3721AA0443004BAB67 /* NTS Player */,
			);
		};
/* End PBXProject section */

/* Begin PBXResourcesBuildPhase section */
		F0D2AA3621AA0443004BAB67 /* Resources */ = {
			isa = PBXResourcesBuildPhase;
			buildActionMask = 2147483647;
			files = (
				F0D2AA4021AA0446004BAB67 /* Assets.xcassets in Resources */,
				F0D2AA4321AA0446004BAB67 /* Main.storyboard in Resources */,
				F0F55F5C21B46C28007A0B51 /* CollectionViewItem.xib in Resources */,
			);
			runOnlyForDeploymentPostprocessing = 0;
		};
/* End PBXResourcesBuildPhase section */

/* Begin PBXSourcesBuildPhase section */
		F0D2AA3421AA0443004BAB67 /* Sources */ = {
			isa = PBXSourcesBuildPhase;
			buildActionMask = 2147483647;
			files = (
				F0F55F5E21B47C18007A0B51 /* ImageView.swift in Sources */,
				F0D2AA4F21AB4045004BAB67 /* Quote.swift in Sources */,
				F0F55F6221B9B8C8007A0B51 /* HearerView.swift in Sources */,
				F0F55F5B21B46C28007A0B51 /* CollectionViewItem.swift in Sources */,
				F0D2AA5121AC95B2004BAB67 /* EventMonitor.swift in Sources */,
				F0D2AA3E21AA0443004BAB67 /* ViewController.swift in Sources */,
				F0F55F6421B9DB65007A0B51 /* StreamPlayer.swift in Sources */,
				F0D2AA5321AC9CE4004BAB67 /* Networking.swift in Sources */,
				F0D2AA4D21AB2E54004BAB67 /* NowPlayingViewController.swift in Sources */,
				F0D2AA3C21AA0443004BAB67 /* AppDelegate.swift in Sources */,
			);
			runOnlyForDeploymentPostprocessing = 0;
		};
/* End PBXSourcesBuildPhase section */

/* Begin PBXVariantGroup section */
		F0D2AA4121AA0446004BAB67 /* Main.storyboard */ = {
			isa = PBXVariantGroup;
			children = (
				F0D2AA4221AA0446004BAB67 /* Base */,
			);
			name = Main.storyboard;
			sourceTree = "<group>";
		};
/* End PBXVariantGroup section */

/* Begin XCBuildConfiguration section */
		F0D2AA4621AA0446004BAB67 /* Debug */ = {
			isa = XCBuildConfiguration;
			buildSettings = {
				ALWAYS_SEARCH_USER_PATHS = NO;
				CLANG_ANALYZER_NONNULL = YES;
				CLANG_ANALYZER_NUMBER_OBJECT_CONVERSION = YES_AGGRESSIVE;
				CLANG_CXX_LANGUAGE_STANDARD = "gnu++14";
				CLANG_CXX_LIBRARY = "libc++";
				CLANG_ENABLE_MODULES = YES;
				CLANG_ENABLE_OBJC_ARC = YES;
				CLANG_ENABLE_OBJC_WEAK = YES;
				CLANG_WARN_BLOCK_CAPTURE_AUTORELEASING = YES;
				CLANG_WARN_BOOL_CONVERSION = YES;
				CLANG_WARN_COMMA = YES;
				CLANG_WARN_CONSTANT_CONVERSION = YES;
				CLANG_WARN_DEPRECATED_OBJC_IMPLEMENTATIONS = YES;
				CLANG_WARN_DIRECT_OBJC_ISA_USAGE = YES_ERROR;
				CLANG_WARN_DOCUMENTATION_COMMENTS = YES;
				CLANG_WARN_EMPTY_BODY = YES;
				CLANG_WARN_ENUM_CONVERSION = YES;
				CLANG_WARN_INFINITE_RECURSION = YES;
				CLANG_WARN_INT_CONVERSION = YES;
				CLANG_WARN_NON_LITERAL_NULL_CONVERSION = YES;
				CLANG_WARN_OBJC_IMPLICIT_RETAIN_SELF = YES;
				CLANG_WARN_OBJC_LITERAL_CONVERSION = YES;
				CLANG_WARN_OBJC_ROOT_CLASS = YES_ERROR;
				CLANG_WARN_RANGE_LOOP_ANALYSIS = YES;
				CLANG_WARN_STRICT_PROTOTYPES = YES;
				CLANG_WARN_SUSPICIOUS_MOVE = YES;
				CLANG_WARN_UNGUARDED_AVAILABILITY = YES_AGGRESSIVE;
				CLANG_WARN_UNREACHABLE_CODE = YES;
				CLANG_WARN__DUPLICATE_METHOD_MATCH = YES;
				CODE_SIGN_IDENTITY = "Mac Developer";
				COPY_PHASE_STRIP = NO;
				DEBUG_INFORMATION_FORMAT = dwarf;
				ENABLE_STRICT_OBJC_MSGSEND = YES;
				ENABLE_TESTABILITY = YES;
				GCC_C_LANGUAGE_STANDARD = gnu11;
				GCC_DYNAMIC_NO_PIC = NO;
				GCC_NO_COMMON_BLOCKS = YES;
				GCC_OPTIMIZATION_LEVEL = 0;
				GCC_PREPROCESSOR_DEFINITIONS = (
					"DEBUG=1",
					"$(inherited)",
				);
				GCC_WARN_64_TO_32_BIT_CONVERSION = YES;
				GCC_WARN_ABOUT_RETURN_TYPE = YES_ERROR;
				GCC_WARN_UNDECLARED_SELECTOR = YES;
				GCC_WARN_UNINITIALIZED_AUTOS = YES_AGGRESSIVE;
				GCC_WARN_UNUSED_FUNCTION = YES;
				GCC_WARN_UNUSED_VARIABLE = YES;
				MACOSX_DEPLOYMENT_TARGET = 10.14;
				MTL_ENABLE_DEBUG_INFO = INCLUDE_SOURCE;
				MTL_FAST_MATH = YES;
				ONLY_ACTIVE_ARCH = YES;
				SDKROOT = macosx;
				SWIFT_ACTIVE_COMPILATION_CONDITIONS = DEBUG;
				SWIFT_OPTIMIZATION_LEVEL = "-Onone";
			};
			name = Debug;
		};
		F0D2AA4721AA0446004BAB67 /* Release */ = {
			isa = XCBuildConfiguration;
			buildSettings = {
				ALWAYS_SEARCH_USER_PATHS = NO;
				CLANG_ANALYZER_NONNULL = YES;
				CLANG_ANALYZER_NUMBER_OBJECT_CONVERSION = YES_AGGRESSIVE;
				CLANG_CXX_LANGUAGE_STANDARD = "gnu++14";
				CLANG_CXX_LIBRARY = "libc++";
				CLANG_ENABLE_MODULES = YES;
				CLANG_ENABLE_OBJC_ARC = YES;
				CLANG_ENABLE_OBJC_WEAK = YES;
				CLANG_WARN_BLOCK_CAPTURE_AUTORELEASING = YES;
				CLANG_WARN_BOOL_CONVERSION = YES;
				CLANG_WARN_COMMA = YES;
				CLANG_WARN_CONSTANT_CONVERSION = YES;
				CLANG_WARN_DEPRECATED_OBJC_IMPLEMENTATIONS = YES;
				CLANG_WARN_DIRECT_OBJC_ISA_USAGE = YES_ERROR;
				CLANG_WARN_DOCUMENTATION_COMMENTS = YES;
				CLANG_WARN_EMPTY_BODY = YES;
				CLANG_WARN_ENUM_CONVERSION = YES;
				CLANG_WARN_INFINITE_RECURSION = YES;
				CLANG_WARN_INT_CONVERSION = YES;
				CLANG_WARN_NON_LITERAL_NULL_CONVERSION = YES;
				CLANG_WARN_OBJC_IMPLICIT_RETAIN_SELF = YES;
				CLANG_WARN_OBJC_LITERAL_CONVERSION = YES;
				CLANG_WARN_OBJC_ROOT_CLASS = YES_ERROR;
				CLANG_WARN_RANGE_LOOP_ANALYSIS = YES;
				CLANG_WARN_STRICT_PROTOTYPES = YES;
				CLANG_WARN_SUSPICIOUS_MOVE = YES;
				CLANG_WARN_UNGUARDED_AVAILABILITY = YES_AGGRESSIVE;
				CLANG_WARN_UNREACHABLE_CODE = YES;
				CLANG_WARN__DUPLICATE_METHOD_MATCH = YES;
				CODE_SIGN_IDENTITY = "Mac Developer";
				COPY_PHASE_STRIP = NO;
				DEBUG_INFORMATION_FORMAT = "dwarf-with-dsym";
				ENABLE_NS_ASSERTIONS = NO;
				ENABLE_STRICT_OBJC_MSGSEND = YES;
				GCC_C_LANGUAGE_STANDARD = gnu11;
				GCC_NO_COMMON_BLOCKS = YES;
				GCC_WARN_64_TO_32_BIT_CONVERSION = YES;
				GCC_WARN_ABOUT_RETURN_TYPE = YES_ERROR;
				GCC_WARN_UNDECLARED_SELECTOR = YES;
				GCC_WARN_UNINITIALIZED_AUTOS = YES_AGGRESSIVE;
				GCC_WARN_UNUSED_FUNCTION = YES;
				GCC_WARN_UNUSED_VARIABLE = YES;
				MACOSX_DEPLOYMENT_TARGET = 10.14;
				MTL_ENABLE_DEBUG_INFO = NO;
				MTL_FAST_MATH = YES;
				SDKROOT = macosx;
				SWIFT_COMPILATION_MODE = wholemodule;
				SWIFT_OPTIMIZATION_LEVEL = "-O";
			};
			name = Release;
		};
		F0D2AA4921AA0446004BAB67 /* Debug */ = {
			isa = XCBuildConfiguration;
			buildSettings = {
				ASSETCATALOG_COMPILER_APPICON_NAME = AppIcon;
				CODE_SIGN_ENTITLEMENTS = "NTS Player/NTS Player.entitlements";
				CODE_SIGN_STYLE = Automatic;
				COMBINE_HIDPI_IMAGES = YES;
				DEVELOPMENT_TEAM = 6YRYEG2DL8;
				INFOPLIST_FILE = "NTS Player/Info.plist";
				LD_RUNPATH_SEARCH_PATHS = (
					"$(inherited)",
					"@executable_path/../Frameworks",
				);
				PRODUCT_BUNDLE_IDENTIFIER = "com.landahoy55.NTS-Player";
				PRODUCT_NAME = "$(TARGET_NAME)";
				SWIFT_VERSION = 4.2;
			};
			name = Debug;
		};
		F0D2AA4A21AA0446004BAB67 /* Release */ = {
			isa = XCBuildConfiguration;
			buildSettings = {
				ASSETCATALOG_COMPILER_APPICON_NAME = AppIcon;
				CODE_SIGN_ENTITLEMENTS = "NTS Player/NTS Player.entitlements";
				CODE_SIGN_STYLE = Automatic;
				COMBINE_HIDPI_IMAGES = YES;
				DEVELOPMENT_TEAM = 6YRYEG2DL8;
				INFOPLIST_FILE = "NTS Player/Info.plist";
				LD_RUNPATH_SEARCH_PATHS = (
					"$(inherited)",
					"@executable_path/../Frameworks",
				);
				PRODUCT_BUNDLE_IDENTIFIER = "com.landahoy55.NTS-Player";
				PRODUCT_NAME = "$(TARGET_NAME)";
				SWIFT_VERSION = 4.2;
			};
			name = Release;
		};
/* End XCBuildConfiguration section */

/* Begin XCConfigurationList section */
		F0D2AA3321AA0443004BAB67 /* Build configuration list for PBXProject "NTS Player" */ = {
			isa = XCConfigurationList;
			buildConfigurations = (
				F0D2AA4621AA0446004BAB67 /* Debug */,
				F0D2AA4721AA0446004BAB67 /* Release */,
			);
			defaultConfigurationIsVisible = 0;
			defaultConfigurationName = Release;
		};
		F0D2AA4821AA0446004BAB67 /* Build configuration list for PBXNativeTarget "NTS Player" */ = {
			isa = XCConfigurationList;
			buildConfigurations = (
				F0D2AA4921AA0446004BAB67 /* Debug */,
				F0D2AA4A21AA0446004BAB67 /* Release */,
			);
			defaultConfigurationIsVisible = 0;
			defaultConfigurationName = Release;
		};
/* End XCConfigurationList section */
	};
	rootObject = F0D2AA3021AA0443004BAB67 /* Project object */;
}
